
Microsoft Visual Studio Solution File, Format Version 12.00
# Visual Studio Version 17
VisualStudioVersion = 17.5.33530.505
MinimumVisualStudioVersion = 10.0.40219.1
Project("{9A19103F-16F7-4668-BE54-9A1E7A4F7556}") = "ClubinhoDoBebe.Domain", "Core\Domain\ClubinhoDoBebe.Domain\ClubinhoDoBebe.Domain.csproj", "{5BB34C96-FA73-4145-9BC4-1CFE422995B9}"
EndProject
Project("{2150E333-8FDC-42A3-9474-1A3956D46DE8}") = "Core", "Core", "{E42121DA-80CA-4C7B-A6AB-E8B5FCC95ED7}"
EndProject
Project("{2150E333-8FDC-42A3-9474-1A3956D46DE8}") = "Domain", "Domain", "{B3B94537-933C-4ADC-99B4-A6D9255C40A5}"
EndProject
Project("{2150E333-8FDC-42A3-9474-1A3956D46DE8}") = "Presentation", "Presentation", "{CB443C9D-3005-4BCA-85E5-BB197A4BE040}"
EndProject
Project("{9A19103F-16F7-4668-BE54-9A1E7A4F7556}") = "ClubinhoDoBebe", "Presentation\ClubinhoDoBebe.csproj", "{68AA10C5-8E93-4512-A8CD-4159B324D753}"
EndProject
Project("{2150E333-8FDC-42A3-9474-1A3956D46DE8}") = "Application", "Application", "{EFE944D3-0105-426B-853E-1F595AB9287D}"
EndProject
Project("{FAE04EC0-301F-11D3-BF4B-00C04F79EFBC}") = "ClubinhoDoBebe.Application", "Core\Application\ClubinhoDoBebe.Application\ClubinhoDoBebe.Application.csproj", "{F4FB6E65-DAB3-439C-BD78-AB776D8E3202}"
EndProject
Project("{2150E333-8FDC-42A3-9474-1A3956D46DE8}") = "Infrastructure", "Infrastructure", "{51B0B28F-58E1-4172-A189-D35B39BF5A73}"
EndProject
Project("{FAE04EC0-301F-11D3-BF4B-00C04F79EFBC}") = "ClubinhoDoBebe.Infrastructure", "Infrastructure\ClubinhoDoBebe.Infrastructure\ClubinhoDoBebe.Infrastructure.csproj", "{15FE5163-1A35-4A60-BAFD-771A67C42F7B}"
EndProject
Global
	GlobalSection(SolutionConfigurationPlatforms) = preSolution
		Debug|Any CPU = Debug|Any CPU
		Release|Any CPU = Release|Any CPU
	EndGlobalSection
	GlobalSection(ProjectConfigurationPlatforms) = postSolution
		{5BB34C96-FA73-4145-9BC4-1CFE422995B9}.Debug|Any CPU.ActiveCfg = Debug|Any CPU
		{5BB34C96-FA73-4145-9BC4-1CFE422995B9}.Debug|Any CPU.Build.0 = Debug|Any CPU
		{5BB34C96-FA73-4145-9BC4-1CFE422995B9}.Release|Any CPU.ActiveCfg = Release|Any CPU
		{5BB34C96-FA73-4145-9BC4-1CFE422995B9}.Release|Any CPU.Build.0 = Release|Any CPU
		{68AA10C5-8E93-4512-A8CD-4159B324D753}.Debug|Any CPU.ActiveCfg = Debug|Any CPU
		{68AA10C5-8E93-4512-A8CD-4159B324D753}.Debug|Any CPU.Build.0 = Debug|Any CPU
		{68AA10C5-8E93-4512-A8CD-4159B324D753}.Release|Any CPU.ActiveCfg = Release|Any CPU
		{68AA10C5-8E93-4512-A8CD-4159B324D753}.Release|Any CPU.Build.0 = Release|Any CPU
		{F4FB6E65-DAB3-439C-BD78-AB776D8E3202}.Debug|Any CPU.ActiveCfg = Debug|Any CPU
		{F4FB6E65-DAB3-439C-BD78-AB776D8E3202}.Debug|Any CPU.Build.0 = Debug|Any CPU
		{F4FB6E65-DAB3-439C-BD78-AB776D8E3202}.Release|Any CPU.ActiveCfg = Release|Any CPU
		{F4FB6E65-DAB3-439C-BD78-AB776D8E3202}.Release|Any CPU.Build.0 = Release|Any CPU
		{15FE5163-1A35-4A60-BAFD-771A67C42F7B}.Debug|Any CPU.ActiveCfg = Debug|Any CPU
		{15FE5163-1A35-4A60-BAFD-771A67C42F7B}.Debug|Any CPU.Build.0 = Debug|Any CPU
		{15FE5163-1A35-4A60-BAFD-771A67C42F7B}.Release|Any CPU.ActiveCfg = Release|Any CPU
		{15FE5163-1A35-4A60-BAFD-771A67C42F7B}.Release|Any CPU.Build.0 = Release|Any CPU
	EndGlobalSection
	GlobalSection(SolutionProperties) = preSolution
		HideSolutionNode = FALSE
	EndGlobalSection
	GlobalSection(NestedProjects) = preSolution
		{5BB34C96-FA73-4145-9BC4-1CFE422995B9} = {B3B94537-933C-4ADC-99B4-A6D9255C40A5}
		{B3B94537-933C-4ADC-99B4-A6D9255C40A5} = {E42121DA-80CA-4C7B-A6AB-E8B5FCC95ED7}
		{68AA10C5-8E93-4512-A8CD-4159B324D753} = {CB443C9D-3005-4BCA-85E5-BB197A4BE040}
		{EFE944D3-0105-426B-853E-1F595AB9287D} = {E42121DA-80CA-4C7B-A6AB-E8B5FCC95ED7}
		{F4FB6E65-DAB3-439C-BD78-AB776D8E3202} = {EFE944D3-0105-426B-853E-1F595AB9287D}
		{15FE5163-1A35-4A60-BAFD-771A67C42F7B} = {51B0B28F-58E1-4172-A189-D35B39BF5A73}
	EndGlobalSection
	GlobalSection(ExtensibilityGlobals) = postSolution
		SolutionGuid = {40C9FA0C-F733-4784-830D-E875B28B6B10}
	EndGlobalSection
EndGlobal
